
Microsoft Visual Studio Solution File, Format Version 12.00
# Visual Studio Version 17
VisualStudioVersion = 17.0.31903.59
MinimumVisualStudioVersion = 10.0.40219.1
Project("{FAE04EC0-301F-11D3-BF4B-00C04F79EFBC}") = "IngestaoVetorial.SDK", "IngestaoVetorial.SDK\IngestaoVetorial.SDK.csproj", "{EBF8ACB4-0074-470E-84EB-B6EFF30474B9}"
EndProject
Project("{FAE04EC0-301F-11D3-BF4B-00C04F79EFBC}") = "IngestaoVetorial.SDK.Tests", "IngestaoVetorial.SDK.Tests\IngestaoVetorial.SDK.Tests.csproj", "{AEDEA49F-BFF2-4557-8797-4A9EC69A9F9F}"
EndProject
Global
	GlobalSection(SolutionConfigurationPlatforms) = preSolution
		Debug|Any CPU = Debug|Any CPU
		Release|Any CPU = Release|Any CPU
	EndGlobalSection
	GlobalSection(SolutionProperties) = preSolution
		HideSolutionNode = FALSE
	EndGlobalSection
	GlobalSection(ProjectConfigurationPlatforms) = postSolution
		{EBF8ACB4-0074-470E-84EB-B6EFF30474B9}.Debug|Any CPU.ActiveCfg = Debug|Any CPU
		{EBF8ACB4-0074-470E-84EB-B6EFF30474B9}.Debug|Any CPU.Build.0 = Debug|Any CPU
		{EBF8ACB4-0074-470E-84EB-B6EFF30474B9}.Release|Any CPU.ActiveCfg = Release|Any CPU
		{EBF8ACB4-0074-470E-84EB-B6EFF30474B9}.Release|Any CPU.Build.0 = Release|Any CPU
		{AEDEA49F-BFF2-4557-8797-4A9EC69A9F9F}.Debug|Any CPU.ActiveCfg = Debug|Any CPU
		{AEDEA49F-BFF2-4557-8797-4A9EC69A9F9F}.Debug|Any CPU.Build.0 = Debug|Any CPU
		{AEDEA49F-BFF2-4557-8797-4A9EC69A9F9F}.Release|Any CPU.ActiveCfg = Release|Any CPU
		{AEDEA49F-BFF2-4557-8797-4A9EC69A9F9F}.Release|Any CPU.Build.0 = Release|Any CPU
	EndGlobalSection
EndGlobal
